
Microsoft Visual Studio Solution File, Format Version 12.00
# Visual Studio Version 16
VisualStudioVersion = 16.0.30503.244
MinimumVisualStudioVersion = 10.0.40219.1
Project("{2150E333-8FDC-42A3-9474-1A3956D46DE8}") = "src", "src", "{41E775E1-D4F7-4241-9BAB-9DFDB01F3417}"
EndProject
Project("{2150E333-8FDC-42A3-9474-1A3956D46DE8}") = "tests", "tests", "{12CC27FD-76E4-4F6E-9C7F-0649A82DA3A1}"
EndProject
Project("{FAE04EC0-301F-11D3-BF4B-00C04F79EFBC}") = "SocialMedia.WebUI", "SocialMedia.WebUI\SocialMedia.WebUI.csproj", "{26309ED9-0986-4DF9-8E3C-1A9456644163}"
EndProject
Project("{FAE04EC0-301F-11D3-BF4B-00C04F79EFBC}") = "SocialMedia.Infrastructure", "SocialMedia.Infrastructure\SocialMedia.Infrastructure.csproj", "{632EBC99-F210-4EC0-9960-8FD349AC0B5A}"
EndProject
Project("{FAE04EC0-301F-11D3-BF4B-00C04F79EFBC}") = "SocialMedia.Application", "SocialMedia.Application\SocialMedia.Application.csproj", "{C7DC2BB1-99B6-4E3E-ACD1-2019327AAE9F}"
EndProject
Project("{FAE04EC0-301F-11D3-BF4B-00C04F79EFBC}") = "SocialMedia.Domain", "SocialMedia.Domain\SocialMedia.Domain.csproj", "{BD69F4E5-3599-460D-8EFA-0A0817F71BE7}"
EndProject
Project("{FAE04EC0-301F-11D3-BF4B-00C04F79EFBC}") = "SocialMedia.Domain.UnitTests", "SocialMedia.Domain.UnitTests\SocialMedia.Domain.UnitTests.csproj", "{7B2FB34B-C624-42C6-8EEF-053EBDCF78C4}"
EndProject
Project("{FAE04EC0-301F-11D3-BF4B-00C04F79EFBC}") = "SocialMedia.Application.UnitTests", "SocialMedia.Application.UnitTests\SocialMedia.Application.UnitTests.csproj", "{1A5C8623-7988-438F-9C17-ED7F61494F7F}"
EndProject
Project("{FAE04EC0-301F-11D3-BF4B-00C04F79EFBC}") = "SocialMedia.Application.IntegrationTests", "SocialMedia.Application.IntegrationTests\SocialMedia.Application.IntegrationTests.csproj", "{E6CD6676-1521-44A8-BE77-4F06B2A34690}"
EndProject
Global
	GlobalSection(SolutionConfigurationPlatforms) = preSolution
		Debug|Any CPU = Debug|Any CPU
		Release|Any CPU = Release|Any CPU
	EndGlobalSection
	GlobalSection(ProjectConfigurationPlatforms) = postSolution
		{26309ED9-0986-4DF9-8E3C-1A9456644163}.Debug|Any CPU.ActiveCfg = Debug|Any CPU
		{26309ED9-0986-4DF9-8E3C-1A9456644163}.Debug|Any CPU.Build.0 = Debug|Any CPU
		{26309ED9-0986-4DF9-8E3C-1A9456644163}.Release|Any CPU.ActiveCfg = Release|Any CPU
		{26309ED9-0986-4DF9-8E3C-1A9456644163}.Release|Any CPU.Build.0 = Release|Any CPU
		{632EBC99-F210-4EC0-9960-8FD349AC0B5A}.Debug|Any CPU.ActiveCfg = Debug|Any CPU
		{632EBC99-F210-4EC0-9960-8FD349AC0B5A}.Debug|Any CPU.Build.0 = Debug|Any CPU
		{632EBC99-F210-4EC0-9960-8FD349AC0B5A}.Release|Any CPU.ActiveCfg = Release|Any CPU
		{632EBC99-F210-4EC0-9960-8FD349AC0B5A}.Release|Any CPU.Build.0 = Release|Any CPU
		{C7DC2BB1-99B6-4E3E-ACD1-2019327AAE9F}.Debug|Any CPU.ActiveCfg = Debug|Any CPU
		{C7DC2BB1-99B6-4E3E-ACD1-2019327AAE9F}.Debug|Any CPU.Build.0 = Debug|Any CPU
		{C7DC2BB1-99B6-4E3E-ACD1-2019327AAE9F}.Release|Any CPU.ActiveCfg = Release|Any CPU
		{C7DC2BB1-99B6-4E3E-ACD1-2019327AAE9F}.Release|Any CPU.Build.0 = Release|Any CPU
		{BD69F4E5-3599-460D-8EFA-0A0817F71BE7}.Debug|Any CPU.ActiveCfg = Debug|Any CPU
		{BD69F4E5-3599-460D-8EFA-0A0817F71BE7}.Debug|Any CPU.Build.0 = Debug|Any CPU
		{BD69F4E5-3599-460D-8EFA-0A0817F71BE7}.Release|Any CPU.ActiveCfg = Release|Any CPU
		{BD69F4E5-3599-460D-8EFA-0A0817F71BE7}.Release|Any CPU.Build.0 = Release|Any CPU
		{7B2FB34B-C624-42C6-8EEF-053EBDCF78C4}.Debug|Any CPU.ActiveCfg = Debug|Any CPU
		{7B2FB34B-C624-42C6-8EEF-053EBDCF78C4}.Debug|Any CPU.Build.0 = Debug|Any CPU
		{7B2FB34B-C624-42C6-8EEF-053EBDCF78C4}.Release|Any CPU.ActiveCfg = Release|Any CPU
		{7B2FB34B-C624-42C6-8EEF-053EBDCF78C4}.Release|Any CPU.Build.0 = Release|Any CPU
		{1A5C8623-7988-438F-9C17-ED7F61494F7F}.Debug|Any CPU.ActiveCfg = Debug|Any CPU
		{1A5C8623-7988-438F-9C17-ED7F61494F7F}.Debug|Any CPU.Build.0 = Debug|Any CPU
		{1A5C8623-7988-438F-9C17-ED7F61494F7F}.Release|Any CPU.ActiveCfg = Release|Any CPU
		{1A5C8623-7988-438F-9C17-ED7F61494F7F}.Release|Any CPU.Build.0 = Release|Any CPU
		{E6CD6676-1521-44A8-BE77-4F06B2A34690}.Debug|Any CPU.ActiveCfg = Debug|Any CPU
		{E6CD6676-1521-44A8-BE77-4F06B2A34690}.Debug|Any CPU.Build.0 = Debug|Any CPU
		{E6CD6676-1521-44A8-BE77-4F06B2A34690}.Release|Any CPU.ActiveCfg = Release|Any CPU
		{E6CD6676-1521-44A8-BE77-4F06B2A34690}.Release|Any CPU.Build.0 = Release|Any CPU
	EndGlobalSection
	GlobalSection(SolutionProperties) = preSolution
		HideSolutionNode = FALSE
	EndGlobalSection
	GlobalSection(NestedProjects) = preSolution
		{26309ED9-0986-4DF9-8E3C-1A9456644163} = {41E775E1-D4F7-4241-9BAB-9DFDB01F3417}
		{632EBC99-F210-4EC0-9960-8FD349AC0B5A} = {41E775E1-D4F7-4241-9BAB-9DFDB01F3417}
		{C7DC2BB1-99B6-4E3E-ACD1-2019327AAE9F} = {41E775E1-D4F7-4241-9BAB-9DFDB01F3417}
		{BD69F4E5-3599-460D-8EFA-0A0817F71BE7} = {41E775E1-D4F7-4241-9BAB-9DFDB01F3417}
		{7B2FB34B-C624-42C6-8EEF-053EBDCF78C4} = {12CC27FD-76E4-4F6E-9C7F-0649A82DA3A1}
		{1A5C8623-7988-438F-9C17-ED7F61494F7F} = {12CC27FD-76E4-4F6E-9C7F-0649A82DA3A1}
		{E6CD6676-1521-44A8-BE77-4F06B2A34690} = {12CC27FD-76E4-4F6E-9C7F-0649A82DA3A1}
	EndGlobalSection
	GlobalSection(ExtensibilityGlobals) = postSolution
		SolutionGuid = {72693D51-02DB-4BB5-966B-22DB96167032}
	EndGlobalSection
EndGlobal
